
Microsoft Visual Studio Solution File, Format Version 12.00
# Visual Studio Version 17
VisualStudioVersion = 17.6.33927.249
MinimumVisualStudioVersion = 10.0.40219.1
Project("{9A19103F-16F7-4668-BE54-9A1E7A4F7556}") = "MoqWithRefArgumentsTests", "MoqWithRefArgumentsTests\MoqWithRefArgumentsTests.csproj", "{95FDD794-E28D-4ADD-A2A8-2534AEA39FF1}"
EndProject
Project("{9A19103F-16F7-4668-BE54-9A1E7A4F7556}") = "MoqWithRefArguments", "MoqWithRefArguments\MoqWithRefArguments.csproj", "{A5E99C68-F15B-41B6-B3AD-DB49531C4352}"
EndProject
Global
	GlobalSection(SolutionConfigurationPlatforms) = preSolution
		Debug|Any CPU = Debug|Any CPU
		Release|Any CPU = Release|Any CPU
	EndGlobalSection
	GlobalSection(ProjectConfigurationPlatforms) = postSolution
		{95FDD794-E28D-4ADD-A2A8-2534AEA39FF1}.Debug|Any CPU.ActiveCfg = Debug|Any CPU
		{95FDD794-E28D-4ADD-A2A8-2534AEA39FF1}.Debug|Any CPU.Build.0 = Debug|Any CPU
		{95FDD794-E28D-4ADD-A2A8-2534AEA39FF1}.Release|Any CPU.ActiveCfg = Release|Any CPU
		{95FDD794-E28D-4ADD-A2A8-2534AEA39FF1}.Release|Any CPU.Build.0 = Release|Any CPU
		{A5E99C68-F15B-41B6-B3AD-DB49531C4352}.Debug|Any CPU.ActiveCfg = Debug|Any CPU
		{A5E99C68-F15B-41B6-B3AD-DB49531C4352}.Debug|Any CPU.Build.0 = Debug|Any CPU
		{A5E99C68-F15B-41B6-B3AD-DB49531C4352}.Release|Any CPU.ActiveCfg = Release|Any CPU
		{A5E99C68-F15B-41B6-B3AD-DB49531C4352}.Release|Any CPU.Build.0 = Release|Any CPU
	EndGlobalSection
	GlobalSection(SolutionProperties) = preSolution
		HideSolutionNode = FALSE
	EndGlobalSection
	GlobalSection(ExtensibilityGlobals) = postSolution
		SolutionGuid = {4F82670F-B021-424A-85D2-5F0B7B28239A}
	EndGlobalSection
EndGlobal
